
Microsoft Visual Studio Solution File, Format Version 12.00
# Visual Studio Version 17
VisualStudioVersion = 17.10.35027.167
MinimumVisualStudioVersion = 10.0.40219.1
Project("{FAE04EC0-301F-11D3-BF4B-00C04F79EFBC}") = "InventarioBack", "InventarioBack\InventarioBack.csproj", "{5A7A87BC-0458-478B-9894-1ECDE57DCE07}"
EndProject
Project("{FAE04EC0-301F-11D3-BF4B-00C04F79EFBC}") = "InventarioControlador", "InventarioControlador\InventarioControlador.csproj", "{671539BC-CC21-4873-9CCC-3D766282FFD8}"
EndProject
Project("{FAE04EC0-301F-11D3-BF4B-00C04F79EFBC}") = "InventarioFront", "InventarioFront\InventarioFront.csproj", "{9AE0877E-5053-4042-89ED-18C4CD322EDB}"
EndProject
Global
	GlobalSection(SolutionConfigurationPlatforms) = preSolution
		Debug|Any CPU = Debug|Any CPU
		Release|Any CPU = Release|Any CPU
	EndGlobalSection
	GlobalSection(ProjectConfigurationPlatforms) = postSolution
		{5A7A87BC-0458-478B-9894-1ECDE57DCE07}.Debug|Any CPU.ActiveCfg = Debug|Any CPU
		{5A7A87BC-0458-478B-9894-1ECDE57DCE07}.Debug|Any CPU.Build.0 = Debug|Any CPU
		{5A7A87BC-0458-478B-9894-1ECDE57DCE07}.Release|Any CPU.ActiveCfg = Release|Any CPU
		{5A7A87BC-0458-478B-9894-1ECDE57DCE07}.Release|Any CPU.Build.0 = Release|Any CPU
		{671539BC-CC21-4873-9CCC-3D766282FFD8}.Debug|Any CPU.ActiveCfg = Debug|Any CPU
		{671539BC-CC21-4873-9CCC-3D766282FFD8}.Debug|Any CPU.Build.0 = Debug|Any CPU
		{671539BC-CC21-4873-9CCC-3D766282FFD8}.Release|Any CPU.ActiveCfg = Release|Any CPU
		{671539BC-CC21-4873-9CCC-3D766282FFD8}.Release|Any CPU.Build.0 = Release|Any CPU
		{9AE0877E-5053-4042-89ED-18C4CD322EDB}.Debug|Any CPU.ActiveCfg = Debug|Any CPU
		{9AE0877E-5053-4042-89ED-18C4CD322EDB}.Debug|Any CPU.Build.0 = Debug|Any CPU
		{9AE0877E-5053-4042-89ED-18C4CD322EDB}.Release|Any CPU.ActiveCfg = Release|Any CPU
		{9AE0877E-5053-4042-89ED-18C4CD322EDB}.Release|Any CPU.Build.0 = Release|Any CPU
	EndGlobalSection
	GlobalSection(SolutionProperties) = preSolution
		HideSolutionNode = FALSE
	EndGlobalSection
	GlobalSection(ExtensibilityGlobals) = postSolution
		SolutionGuid = {3F35FA66-98E8-4DE0-AFBA-57FBC79C15C1}
	EndGlobalSection
EndGlobal
